{
  "name": "week2",
  "lockfileVersion": 3,
  "requires": true,
  "packages": {
    "": {
      "dependencies": {
        "copilot": "^0.0.2"
      }
    },
    "node_modules/@github/copilot": {
      "version": "0.0.419",
      "resolved": "https://registry.npmjs.org/@github/copilot/-/copilot-0.0.419.tgz",
      "integrity": "sha512-yzqWb2y/nGkGVacw/7s5E3HQ90Ojl11/Jnx7+E8+PPdB4EZeOx//QmG7J0rRDFCsPSjLDZQqCVZhgHaB2Bp7qw==",
      "license": "SEE LICENSE IN LICENSE.md",
      "bin": {
        "copilot": "npm-loader.js"
      },
      "optionalDependencies": {
        "@github/copilot-darwin-arm64": "0.0.419",
        "@github/copilot-darwin-x64": "0.0.419",
        "@github/copilot-linux-arm64": "0.0.419",
        "@github/copilot-linux-x64": "0.0.419",
        "@github/copilot-win32-arm64": "0.0.419",
        "@github/copilot-win32-x64": "0.0.419"
      }
    },
    "node_modules/@github/copilot-darwin-arm64": {
      "version": "0.0.419",
      "resolved": "https://registry.npmjs.org/@github/copilot-darwin-arm64/-/copilot-darwin-arm64-0.0.419.tgz",
      "integrity": "sha512-lpUalc8HbeB8cBom4SIz2PFyfgZArfyUJhAKUMALecBH+AiKh6FN/NbI6P5fSJIrctHvG9e2WOUIldJt0L/B0w==",
      "cpu": [
        "arm64"
      ],
      "license": "SEE LICENSE IN LICENSE.md",
      "optional": true,
      "os": [
        "darwin"
      ],
      "bin": {
        "copilot-darwin-arm64": "copilot"
      }
    },
    "node_modules/@github/copilot-darwin-x64": {
      "version": "0.0.419",
      "resolved": "https://registry.npmjs.org/@github/copilot-darwin-x64/-/copilot-darwin-x64-0.0.419.tgz",
      "integrity": "sha512-8UyPcer1V3312dz6B0qw4nz90cjaX2TtKxnPxgy43AHL2/cdMGHs4mPpDa6euMGjnZb4KQZwNmDs05C4gkMCmg==",
      "cpu": [
        "x64"
      ],
      "license": "SEE LICENSE IN LICENSE.md",
      "optional": true,
      "os": [
        "darwin"
      ],
      "bin": {
        "copilot-darwin-x64": "copilot"
      }
    },
    "node_modules/@github/copilot-linux-arm64": {
      "version": "0.0.419",
      "resolved": "https://registry.npmjs.org/@github/copilot-linux-arm64/-/copilot-linux-arm64-0.0.419.tgz",
      "integrity": "sha512-3LlRf9Z98+BN0khKP2j0nt//cgXT4Fsl+eH3+07Hcv9BqTLKT1DB+sjt7TITcW9FW6zbTkC0kUTMW8CFGlSC5w==",
      "cpu": [
        "arm64"
      ],
      "license": "SEE LICENSE IN LICENSE.md",
      "optional": true,
      "os": [
        "linux"
      ],
      "bin": {
        "copilot-linux-arm64": "copilot"
      }
    },
    "node_modules/@github/copilot-linux-x64": {
      "version": "0.0.419",
      "resolved": "https://registry.npmjs.org/@github/copilot-linux-x64/-/copilot-linux-x64-0.0.419.tgz",
      "integrity": "sha512-zOwvKeVVtWvXgh2U7BvVN6Z6rP0aOo64ZxZq7fuxYSn/817hxCWZBwz4dKv+QAqbAwypN9fftpq3iijyfOZovA==",
      "cpu": [
        "x64"
      ],
      "license": "SEE LICENSE IN LICENSE.md",
      "optional": true,
      "os": [
        "linux"
      ],
      "bin": {
        "copilot-linux-x64": "copilot"
      }
    },
    "node_modules/@github/copilot-win32-arm64": {
      "version": "0.0.419",
      "resolved": "https://registry.npmjs.org/@github/copilot-win32-arm64/-/copilot-win32-arm64-0.0.419.tgz",
      "integrity": "sha512-sf+314BnMuaa9Cg/Vqiqt2aUa4OOK2ozKsBHwGzP/JiyhkFkFCpW7HJFSkI8KEYGxhwSenk3FCGMn2Gs2dtwCw==",
      "cpu": [
        "arm64"
      ],
      "license": "SEE LICENSE IN LICENSE.md",
      "optional": true,
      "os": [
        "win32"
      ],
      "bin": {
        "copilot-win32-arm64": "copilot.exe"
      }
    },
    "node_modules/@github/copilot-win32-x64": {
      "version": "0.0.419",
      "resolved": "https://registry.npmjs.org/@github/copilot-win32-x64/-/copilot-win32-x64-0.0.419.tgz",
      "integrity": "sha512-Vnn9oD5Cgu/2yLxQDO26xNTxw3VpXx15MCJcK3HduN4dJywNvJ/GcvjYH5BKfNuxELxAsdL2v+4/kg853OKZ+Q==",
      "cpu": [
        "x64"
      ],
      "license": "SEE LICENSE IN LICENSE.md",
      "optional": true,
      "os": [
        "win32"
      ],
      "bin": {
        "copilot-win32-x64": "copilot.exe"
      }
    },
    "node_modules/copilot": {
      "version": "0.0.2",
      "resolved": "https://registry.npmjs.org/copilot/-/copilot-0.0.2.tgz",
      "integrity": "sha512-nedf34AaYj9JnFhRmiJEZemAno2WDXMypq6FW5aCVR0N+QdpQ6viukP1JpvJDChpaMEVvbUkMjmjMifJbO/AgQ==",
      "dependencies": {
        "@github/copilot": "latest"
      },
      "bin": {
        "copilot": "node_modules/@github/copilot/index.js"
      }
    }
  }
}
